
Microsoft Visual Studio Solution File, Format Version 12.00
# Visual Studio Version 17
VisualStudioVersion = 17.0.32014.148
MinimumVisualStudioVersion = 10.0.40219.1
Project("{9A19103F-16F7-4668-BE54-9A1E7A4F7556}") = "StudentsEmployment", "StudentsEmployment\StudentsEmployment.csproj", "{CA4DCFA4-FB19-4F14-8CD4-4FB7B91292E8}"
EndProject
Project("{9A19103F-16F7-4668-BE54-9A1E7A4F7556}") = "StudentsEmployment.BLL", "StudentsEmployment.BLL\StudentsEmployment.BLL.csproj", "{A8906BDD-242E-440C-80CF-B5052CD33252}"
EndProject
Project("{9A19103F-16F7-4668-BE54-9A1E7A4F7556}") = "StudentsEmployment.DAL", "StudentsEmployment.DAL\StudentsEmployment.DAL.csproj", "{14781586-1BCA-4F50-B6FB-868D4428F00E}"
EndProject
Project("{9A19103F-16F7-4668-BE54-9A1E7A4F7556}") = "Common", "Common\Common.csproj", "{D2B37A5C-6A3E-4F25-8B24-C8C0AD846EA1}"
EndProject
Global
	GlobalSection(SolutionConfigurationPlatforms) = preSolution
		Debug|Any CPU = Debug|Any CPU
		Release|Any CPU = Release|Any CPU
	EndGlobalSection
	GlobalSection(ProjectConfigurationPlatforms) = postSolution
		{CA4DCFA4-FB19-4F14-8CD4-4FB7B91292E8}.Debug|Any CPU.ActiveCfg = Debug|Any CPU
		{CA4DCFA4-FB19-4F14-8CD4-4FB7B91292E8}.Debug|Any CPU.Build.0 = Debug|Any CPU
		{CA4DCFA4-FB19-4F14-8CD4-4FB7B91292E8}.Release|Any CPU.ActiveCfg = Release|Any CPU
		{CA4DCFA4-FB19-4F14-8CD4-4FB7B91292E8}.Release|Any CPU.Build.0 = Release|Any CPU
		{A8906BDD-242E-440C-80CF-B5052CD33252}.Debug|Any CPU.ActiveCfg = Debug|Any CPU
		{A8906BDD-242E-440C-80CF-B5052CD33252}.Debug|Any CPU.Build.0 = Debug|Any CPU
		{A8906BDD-242E-440C-80CF-B5052CD33252}.Release|Any CPU.ActiveCfg = Release|Any CPU
		{A8906BDD-242E-440C-80CF-B5052CD33252}.Release|Any CPU.Build.0 = Release|Any CPU
		{14781586-1BCA-4F50-B6FB-868D4428F00E}.Debug|Any CPU.ActiveCfg = Debug|Any CPU
		{14781586-1BCA-4F50-B6FB-868D4428F00E}.Debug|Any CPU.Build.0 = Debug|Any CPU
		{14781586-1BCA-4F50-B6FB-868D4428F00E}.Release|Any CPU.ActiveCfg = Release|Any CPU
		{14781586-1BCA-4F50-B6FB-868D4428F00E}.Release|Any CPU.Build.0 = Release|Any CPU
		{D2B37A5C-6A3E-4F25-8B24-C8C0AD846EA1}.Debug|Any CPU.ActiveCfg = Debug|Any CPU
		{D2B37A5C-6A3E-4F25-8B24-C8C0AD846EA1}.Debug|Any CPU.Build.0 = Debug|Any CPU
		{D2B37A5C-6A3E-4F25-8B24-C8C0AD846EA1}.Release|Any CPU.ActiveCfg = Release|Any CPU
		{D2B37A5C-6A3E-4F25-8B24-C8C0AD846EA1}.Release|Any CPU.Build.0 = Release|Any CPU
	EndGlobalSection
	GlobalSection(SolutionProperties) = preSolution
		HideSolutionNode = FALSE
	EndGlobalSection
	GlobalSection(ExtensibilityGlobals) = postSolution
		SolutionGuid = {DCED0724-B916-40BD-9EB5-44F6D88EEB7B}
	EndGlobalSection
EndGlobal
